
Microsoft Visual Studio Solution File, Format Version 12.00
# Visual Studio 15
VisualStudioVersion = 15.0.28307.1022
MinimumVisualStudioVersion = 10.0.40219.1
Project("{8BC9CEB8-8B4A-11D0-8D11-00A0C91BC942}") = "Pointer and Arrays", "Pointer and Arrays\Pointer and Arrays.vcxproj", "{8F5CE595-C46E-4BE5-8CE5-CB19E30D4D08}"
EndProject
Global
	GlobalSection(SolutionConfigurationPlatforms) = preSolution
		Debug|x64 = Debug|x64
		Debug|x86 = Debug|x86
		Release|x64 = Release|x64
		Release|x86 = Release|x86
	EndGlobalSection
	GlobalSection(ProjectConfigurationPlatforms) = postSolution
		{8F5CE595-C46E-4BE5-8CE5-CB19E30D4D08}.Debug|x64.ActiveCfg = Debug|x64
		{8F5CE595-C46E-4BE5-8CE5-CB19E30D4D08}.Debug|x64.Build.0 = Debug|x64
		{8F5CE595-C46E-4BE5-8CE5-CB19E30D4D08}.Debug|x86.ActiveCfg = Debug|Win32
		{8F5CE595-C46E-4BE5-8CE5-CB19E30D4D08}.Debug|x86.Build.0 = Debug|Win32
		{8F5CE595-C46E-4BE5-8CE5-CB19E30D4D08}.Release|x64.ActiveCfg = Release|x64
		{8F5CE595-C46E-4BE5-8CE5-CB19E30D4D08}.Release|x64.Build.0 = Release|x64
		{8F5CE595-C46E-4BE5-8CE5-CB19E30D4D08}.Release|x86.ActiveCfg = Release|Win32
		{8F5CE595-C46E-4BE5-8CE5-CB19E30D4D08}.Release|x86.Build.0 = Release|Win32
	EndGlobalSection
	GlobalSection(SolutionProperties) = preSolution
		HideSolutionNode = FALSE
	EndGlobalSection
	GlobalSection(ExtensibilityGlobals) = postSolution
		SolutionGuid = {937C76B9-9908-4A16-B343-FE090F453F21}
	EndGlobalSection
EndGlobal
