
Microsoft Visual Studio Solution File, Format Version 12.00
# Visual Studio 15
VisualStudioVersion = 15.0.28307.1022
MinimumVisualStudioVersion = 10.0.40219.1
Project("{8BC9CEB8-8B4A-11D0-8D11-00A0C91BC942}") = "My First C++ Program", "My First C++ Program\My First C++ Program.vcxproj", "{75D31829-E9FF-4498-9768-C7FC6692C18D}"
EndProject
Global
	GlobalSection(SolutionConfigurationPlatforms) = preSolution
		Debug|x64 = Debug|x64
		Debug|x86 = Debug|x86
		Release|x64 = Release|x64
		Release|x86 = Release|x86
	EndGlobalSection
	GlobalSection(ProjectConfigurationPlatforms) = postSolution
		{75D31829-E9FF-4498-9768-C7FC6692C18D}.Debug|x64.ActiveCfg = Debug|x64
		{75D31829-E9FF-4498-9768-C7FC6692C18D}.Debug|x64.Build.0 = Debug|x64
		{75D31829-E9FF-4498-9768-C7FC6692C18D}.Debug|x86.ActiveCfg = Debug|Win32
		{75D31829-E9FF-4498-9768-C7FC6692C18D}.Debug|x86.Build.0 = Debug|Win32
		{75D31829-E9FF-4498-9768-C7FC6692C18D}.Release|x64.ActiveCfg = Release|x64
		{75D31829-E9FF-4498-9768-C7FC6692C18D}.Release|x64.Build.0 = Release|x64
		{75D31829-E9FF-4498-9768-C7FC6692C18D}.Release|x86.ActiveCfg = Release|Win32
		{75D31829-E9FF-4498-9768-C7FC6692C18D}.Release|x86.Build.0 = Release|Win32
	EndGlobalSection
	GlobalSection(SolutionProperties) = preSolution
		HideSolutionNode = FALSE
	EndGlobalSection
	GlobalSection(ExtensibilityGlobals) = postSolution
		SolutionGuid = {C81BDE03-66A5-4A33-A6AE-67B1B6670114}
	EndGlobalSection
EndGlobal
